
Microsoft Visual Studio Solution File, Format Version 12.00
# Visual Studio Version 17
VisualStudioVersion = 17.14.36518.9
MinimumVisualStudioVersion = 10.0.40219.1
Project("{8BC9CEB8-8B4A-11D0-8D11-00A0C91BC942}") = "Day01", "Day01\Day01.vcxproj", "{EEBE73CB-E1D5-4D78-AE0D-07E3BA9E0453}"
EndProject
Project("{8BC9CEB8-8B4A-11D0-8D11-00A0C91BC942}") = "Day02", "Day02\Day02.vcxproj", "{A6C2564E-C790-4693-B03A-3A57C9276770}"
EndProject
Project("{8BC9CEB8-8B4A-11D0-8D11-00A0C91BC942}") = "Day03", "Day03\Day03.vcxproj", "{0B5E6F41-E7AA-446C-BC05-5CE4F458FCF5}"
EndProject
Project("{8BC9CEB8-8B4A-11D0-8D11-00A0C91BC942}") = "Day04", "Day04\Day04.vcxproj", "{4639C3DD-0C69-400C-B39D-DFF726AEEECF}"
EndProject
Project("{8BC9CEB8-8B4A-11D0-8D11-00A0C91BC942}") = "Day05", "Day05\Day05.vcxproj", "{2FAA5908-2556-4D9B-90AF-D41561859105}"
EndProject
Global
	GlobalSection(SolutionConfigurationPlatforms) = preSolution
		Debug|x64 = Debug|x64
		Debug|x86 = Debug|x86
		Release|x64 = Release|x64
		Release|x86 = Release|x86
	EndGlobalSection
	GlobalSection(ProjectConfigurationPlatforms) = postSolution
		{EEBE73CB-E1D5-4D78-AE0D-07E3BA9E0453}.Debug|x64.ActiveCfg = Debug|x64
		{EEBE73CB-E1D5-4D78-AE0D-07E3BA9E0453}.Debug|x64.Build.0 = Debug|x64
		{EEBE73CB-E1D5-4D78-AE0D-07E3BA9E0453}.Debug|x86.ActiveCfg = Debug|Win32
		{EEBE73CB-E1D5-4D78-AE0D-07E3BA9E0453}.Debug|x86.Build.0 = Debug|Win32
		{EEBE73CB-E1D5-4D78-AE0D-07E3BA9E0453}.Release|x64.ActiveCfg = Release|x64
		{EEBE73CB-E1D5-4D78-AE0D-07E3BA9E0453}.Release|x64.Build.0 = Release|x64
		{EEBE73CB-E1D5-4D78-AE0D-07E3BA9E0453}.Release|x86.ActiveCfg = Release|Win32
		{EEBE73CB-E1D5-4D78-AE0D-07E3BA9E0453}.Release|x86.Build.0 = Release|Win32
		{A6C2564E-C790-4693-B03A-3A57C9276770}.Debug|x64.ActiveCfg = Debug|x64
		{A6C2564E-C790-4693-B03A-3A57C9276770}.Debug|x64.Build.0 = Debug|x64
		{A6C2564E-C790-4693-B03A-3A57C9276770}.Debug|x86.ActiveCfg = Debug|Win32
		{A6C2564E-C790-4693-B03A-3A57C9276770}.Debug|x86.Build.0 = Debug|Win32
		{A6C2564E-C790-4693-B03A-3A57C9276770}.Release|x64.ActiveCfg = Release|x64
		{A6C2564E-C790-4693-B03A-3A57C9276770}.Release|x64.Build.0 = Release|x64
		{A6C2564E-C790-4693-B03A-3A57C9276770}.Release|x86.ActiveCfg = Release|Win32
		{A6C2564E-C790-4693-B03A-3A57C9276770}.Release|x86.Build.0 = Release|Win32
		{0B5E6F41-E7AA-446C-BC05-5CE4F458FCF5}.Debug|x64.ActiveCfg = Debug|x64
		{0B5E6F41-E7AA-446C-BC05-5CE4F458FCF5}.Debug|x64.Build.0 = Debug|x64
		{0B5E6F41-E7AA-446C-BC05-5CE4F458FCF5}.Debug|x86.ActiveCfg = Debug|Win32
		{0B5E6F41-E7AA-446C-BC05-5CE4F458FCF5}.Debug|x86.Build.0 = Debug|Win32
		{0B5E6F41-E7AA-446C-BC05-5CE4F458FCF5}.Release|x64.ActiveCfg = Release|x64
		{0B5E6F41-E7AA-446C-BC05-5CE4F458FCF5}.Release|x64.Build.0 = Release|x64
		{0B5E6F41-E7AA-446C-BC05-5CE4F458FCF5}.Release|x86.ActiveCfg = Release|Win32
		{0B5E6F41-E7AA-446C-BC05-5CE4F458FCF5}.Release|x86.Build.0 = Release|Win32
		{4639C3DD-0C69-400C-B39D-DFF726AEEECF}.Debug|x64.ActiveCfg = Debug|x64
		{4639C3DD-0C69-400C-B39D-DFF726AEEECF}.Debug|x64.Build.0 = Debug|x64
		{4639C3DD-0C69-400C-B39D-DFF726AEEECF}.Debug|x86.ActiveCfg = Debug|Win32
		{4639C3DD-0C69-400C-B39D-DFF726AEEECF}.Debug|x86.Build.0 = Debug|Win32
		{4639C3DD-0C69-400C-B39D-DFF726AEEECF}.Release|x64.ActiveCfg = Release|x64
		{4639C3DD-0C69-400C-B39D-DFF726AEEECF}.Release|x64.Build.0 = Release|x64
		{4639C3DD-0C69-400C-B39D-DFF726AEEECF}.Release|x86.ActiveCfg = Release|Win32
		{4639C3DD-0C69-400C-B39D-DFF726AEEECF}.Release|x86.Build.0 = Release|Win32
		{2FAA5908-2556-4D9B-90AF-D41561859105}.Debug|x64.ActiveCfg = Debug|x64
		{2FAA5908-2556-4D9B-90AF-D41561859105}.Debug|x64.Build.0 = Debug|x64
		{2FAA5908-2556-4D9B-90AF-D41561859105}.Debug|x86.ActiveCfg = Debug|Win32
		{2FAA5908-2556-4D9B-90AF-D41561859105}.Debug|x86.Build.0 = Debug|Win32
		{2FAA5908-2556-4D9B-90AF-D41561859105}.Release|x64.ActiveCfg = Release|x64
		{2FAA5908-2556-4D9B-90AF-D41561859105}.Release|x64.Build.0 = Release|x64
		{2FAA5908-2556-4D9B-90AF-D41561859105}.Release|x86.ActiveCfg = Release|Win32
		{2FAA5908-2556-4D9B-90AF-D41561859105}.Release|x86.Build.0 = Release|Win32
	EndGlobalSection
	GlobalSection(SolutionProperties) = preSolution
		HideSolutionNode = FALSE
	EndGlobalSection
	GlobalSection(ExtensibilityGlobals) = postSolution
		SolutionGuid = {6668A2BA-0B88-4F65-A70F-7C587B71CFD7}
	EndGlobalSection
EndGlobal
