
Microsoft Visual Studio Solution File, Format Version 12.00
# Visual Studio Version 17
VisualStudioVersion = 17.11.35431.28
MinimumVisualStudioVersion = 10.0.40219.1
Project("{8BC9CEB8-8B4A-11D0-8D11-00A0C91BC942}") = "Day1", "Day1\Day1.vcxproj", "{F9221DA1-14EF-4DA2-8F6B-7AEA8AD15220}"
EndProject
Project("{8BC9CEB8-8B4A-11D0-8D11-00A0C91BC942}") = "Day2", "Day2\Day2.vcxproj", "{E9B6CE3C-4952-442C-8725-4B7938ACB10D}"
EndProject
Project("{8BC9CEB8-8B4A-11D0-8D11-00A0C91BC942}") = "Day3", "Day3\Day3.vcxproj", "{8A1EF489-61F2-420D-BDD5-C44C6F25C4E6}"
EndProject
Project("{8BC9CEB8-8B4A-11D0-8D11-00A0C91BC942}") = "Day4", "Day4\Day4.vcxproj", "{88410140-11C4-4474-857E-1180FBD8C2BB}"
EndProject
Project("{8BC9CEB8-8B4A-11D0-8D11-00A0C91BC942}") = "Day5", "Day5\Day5.vcxproj", "{43A9F4EE-BEE6-402B-AE86-2F1B3E3F5653}"
EndProject
Project("{8BC9CEB8-8B4A-11D0-8D11-00A0C91BC942}") = "Day6", "Day6\Day6.vcxproj", "{BC997BFF-EEEC-4630-9B7A-D93ADA5F97B2}"
EndProject
Project("{8BC9CEB8-8B4A-11D0-8D11-00A0C91BC942}") = "Day7", "Day7\Day7.vcxproj", "{35ED58CC-8D3B-4E4A-9729-52DC0C2FDFF8}"
EndProject
Project("{8BC9CEB8-8B4A-11D0-8D11-00A0C91BC942}") = "Day8", "Day8\Day8.vcxproj", "{A1B1E15F-A97C-451B-89D6-D8990946EC93}"
EndProject
Global
	GlobalSection(SolutionConfigurationPlatforms) = preSolution
		Debug|x64 = Debug|x64
		Debug|x86 = Debug|x86
		Release|x64 = Release|x64
		Release|x86 = Release|x86
	EndGlobalSection
	GlobalSection(ProjectConfigurationPlatforms) = postSolution
		{F9221DA1-14EF-4DA2-8F6B-7AEA8AD15220}.Debug|x64.ActiveCfg = Debug|x64
		{F9221DA1-14EF-4DA2-8F6B-7AEA8AD15220}.Debug|x64.Build.0 = Debug|x64
		{F9221DA1-14EF-4DA2-8F6B-7AEA8AD15220}.Debug|x86.ActiveCfg = Debug|Win32
		{F9221DA1-14EF-4DA2-8F6B-7AEA8AD15220}.Debug|x86.Build.0 = Debug|Win32
		{F9221DA1-14EF-4DA2-8F6B-7AEA8AD15220}.Release|x64.ActiveCfg = Release|x64
		{F9221DA1-14EF-4DA2-8F6B-7AEA8AD15220}.Release|x64.Build.0 = Release|x64
		{F9221DA1-14EF-4DA2-8F6B-7AEA8AD15220}.Release|x86.ActiveCfg = Release|Win32
		{F9221DA1-14EF-4DA2-8F6B-7AEA8AD15220}.Release|x86.Build.0 = Release|Win32
		{E9B6CE3C-4952-442C-8725-4B7938ACB10D}.Debug|x64.ActiveCfg = Debug|x64
		{E9B6CE3C-4952-442C-8725-4B7938ACB10D}.Debug|x64.Build.0 = Debug|x64
		{E9B6CE3C-4952-442C-8725-4B7938ACB10D}.Debug|x86.ActiveCfg = Debug|Win32
		{E9B6CE3C-4952-442C-8725-4B7938ACB10D}.Debug|x86.Build.0 = Debug|Win32
		{E9B6CE3C-4952-442C-8725-4B7938ACB10D}.Release|x64.ActiveCfg = Release|x64
		{E9B6CE3C-4952-442C-8725-4B7938ACB10D}.Release|x64.Build.0 = Release|x64
		{E9B6CE3C-4952-442C-8725-4B7938ACB10D}.Release|x86.ActiveCfg = Release|Win32
		{E9B6CE3C-4952-442C-8725-4B7938ACB10D}.Release|x86.Build.0 = Release|Win32
		{8A1EF489-61F2-420D-BDD5-C44C6F25C4E6}.Debug|x64.ActiveCfg = Debug|x64
		{8A1EF489-61F2-420D-BDD5-C44C6F25C4E6}.Debug|x64.Build.0 = Debug|x64
		{8A1EF489-61F2-420D-BDD5-C44C6F25C4E6}.Debug|x86.ActiveCfg = Debug|Win32
		{8A1EF489-61F2-420D-BDD5-C44C6F25C4E6}.Debug|x86.Build.0 = Debug|Win32
		{8A1EF489-61F2-420D-BDD5-C44C6F25C4E6}.Release|x64.ActiveCfg = Release|x64
		{8A1EF489-61F2-420D-BDD5-C44C6F25C4E6}.Release|x64.Build.0 = Release|x64
		{8A1EF489-61F2-420D-BDD5-C44C6F25C4E6}.Release|x86.ActiveCfg = Release|Win32
		{8A1EF489-61F2-420D-BDD5-C44C6F25C4E6}.Release|x86.Build.0 = Release|Win32
		{88410140-11C4-4474-857E-1180FBD8C2BB}.Debug|x64.ActiveCfg = Debug|x64
		{88410140-11C4-4474-857E-1180FBD8C2BB}.Debug|x64.Build.0 = Debug|x64
		{88410140-11C4-4474-857E-1180FBD8C2BB}.Debug|x86.ActiveCfg = Debug|Win32
		{88410140-11C4-4474-857E-1180FBD8C2BB}.Debug|x86.Build.0 = Debug|Win32
		{88410140-11C4-4474-857E-1180FBD8C2BB}.Release|x64.ActiveCfg = Release|x64
		{88410140-11C4-4474-857E-1180FBD8C2BB}.Release|x64.Build.0 = Release|x64
		{88410140-11C4-4474-857E-1180FBD8C2BB}.Release|x86.ActiveCfg = Release|Win32
		{88410140-11C4-4474-857E-1180FBD8C2BB}.Release|x86.Build.0 = Release|Win32
		{43A9F4EE-BEE6-402B-AE86-2F1B3E3F5653}.Debug|x64.ActiveCfg = Debug|x64
		{43A9F4EE-BEE6-402B-AE86-2F1B3E3F5653}.Debug|x64.Build.0 = Debug|x64
		{43A9F4EE-BEE6-402B-AE86-2F1B3E3F5653}.Debug|x86.ActiveCfg = Debug|Win32
		{43A9F4EE-BEE6-402B-AE86-2F1B3E3F5653}.Debug|x86.Build.0 = Debug|Win32
		{43A9F4EE-BEE6-402B-AE86-2F1B3E3F5653}.Release|x64.ActiveCfg = Release|x64
		{43A9F4EE-BEE6-402B-AE86-2F1B3E3F5653}.Release|x64.Build.0 = Release|x64
		{43A9F4EE-BEE6-402B-AE86-2F1B3E3F5653}.Release|x86.ActiveCfg = Release|Win32
		{43A9F4EE-BEE6-402B-AE86-2F1B3E3F5653}.Release|x86.Build.0 = Release|Win32
		{BC997BFF-EEEC-4630-9B7A-D93ADA5F97B2}.Debug|x64.ActiveCfg = Debug|x64
		{BC997BFF-EEEC-4630-9B7A-D93ADA5F97B2}.Debug|x64.Build.0 = Debug|x64
		{BC997BFF-EEEC-4630-9B7A-D93ADA5F97B2}.Debug|x86.ActiveCfg = Debug|Win32
		{BC997BFF-EEEC-4630-9B7A-D93ADA5F97B2}.Debug|x86.Build.0 = Debug|Win32
		{BC997BFF-EEEC-4630-9B7A-D93ADA5F97B2}.Release|x64.ActiveCfg = Release|x64
		{BC997BFF-EEEC-4630-9B7A-D93ADA5F97B2}.Release|x64.Build.0 = Release|x64
		{BC997BFF-EEEC-4630-9B7A-D93ADA5F97B2}.Release|x86.ActiveCfg = Release|Win32
		{BC997BFF-EEEC-4630-9B7A-D93ADA5F97B2}.Release|x86.Build.0 = Release|Win32
		{35ED58CC-8D3B-4E4A-9729-52DC0C2FDFF8}.Debug|x64.ActiveCfg = Debug|x64
		{35ED58CC-8D3B-4E4A-9729-52DC0C2FDFF8}.Debug|x64.Build.0 = Debug|x64
		{35ED58CC-8D3B-4E4A-9729-52DC0C2FDFF8}.Debug|x86.ActiveCfg = Debug|Win32
		{35ED58CC-8D3B-4E4A-9729-52DC0C2FDFF8}.Debug|x86.Build.0 = Debug|Win32
		{35ED58CC-8D3B-4E4A-9729-52DC0C2FDFF8}.Release|x64.ActiveCfg = Release|x64
		{35ED58CC-8D3B-4E4A-9729-52DC0C2FDFF8}.Release|x64.Build.0 = Release|x64
		{35ED58CC-8D3B-4E4A-9729-52DC0C2FDFF8}.Release|x86.ActiveCfg = Release|Win32
		{35ED58CC-8D3B-4E4A-9729-52DC0C2FDFF8}.Release|x86.Build.0 = Release|Win32
		{A1B1E15F-A97C-451B-89D6-D8990946EC93}.Debug|x64.ActiveCfg = Debug|x64
		{A1B1E15F-A97C-451B-89D6-D8990946EC93}.Debug|x64.Build.0 = Debug|x64
		{A1B1E15F-A97C-451B-89D6-D8990946EC93}.Debug|x86.ActiveCfg = Debug|Win32
		{A1B1E15F-A97C-451B-89D6-D8990946EC93}.Debug|x86.Build.0 = Debug|Win32
		{A1B1E15F-A97C-451B-89D6-D8990946EC93}.Release|x64.ActiveCfg = Release|x64
		{A1B1E15F-A97C-451B-89D6-D8990946EC93}.Release|x64.Build.0 = Release|x64
		{A1B1E15F-A97C-451B-89D6-D8990946EC93}.Release|x86.ActiveCfg = Release|Win32
		{A1B1E15F-A97C-451B-89D6-D8990946EC93}.Release|x86.Build.0 = Release|Win32
	EndGlobalSection
	GlobalSection(SolutionProperties) = preSolution
		HideSolutionNode = FALSE
	EndGlobalSection
	GlobalSection(ExtensibilityGlobals) = postSolution
		SolutionGuid = {08173E86-23B3-43AF-A170-38FE01DF3FEC}
	EndGlobalSection
EndGlobal
